Microsoft Visual Studio Solution File, Format Version 12.00
# Visual Studio 2012
Project("{FAE04EC0-301F-11D3-BF4B-00C04F79EFBC}") = "godoap", "godoap.csproj", "{DBE06E7B-9ED0-4542-98D3-B88BDA8FC2AB}"
EndProject
Global
	GlobalSection(SolutionConfigurationPlatforms) = preSolution
	Debug|Any CPU = Debug|Any CPU
	ExportDebug|Any CPU = ExportDebug|Any CPU
	ExportRelease|Any CPU = ExportRelease|Any CPU
	EndGlobalSection
	GlobalSection(ProjectConfigurationPlatforms) = postSolution
		{DBE06E7B-9ED0-4542-98D3-B88BDA8FC2AB}.Debug|Any CPU.ActiveCfg = Debug|Any CPU
		{DBE06E7B-9ED0-4542-98D3-B88BDA8FC2AB}.Debug|Any CPU.Build.0 = Debug|Any CPU
		{DBE06E7B-9ED0-4542-98D3-B88BDA8FC2AB}.ExportDebug|Any CPU.ActiveCfg = ExportDebug|Any CPU
		{DBE06E7B-9ED0-4542-98D3-B88BDA8FC2AB}.ExportDebug|Any CPU.Build.0 = ExportDebug|Any CPU
		{DBE06E7B-9ED0-4542-98D3-B88BDA8FC2AB}.ExportRelease|Any CPU.ActiveCfg = ExportRelease|Any CPU
		{DBE06E7B-9ED0-4542-98D3-B88BDA8FC2AB}.ExportRelease|Any CPU.Build.0 = ExportRelease|Any CPU
	EndGlobalSection
EndGlobal
